{
  "name": "VeniViciVici",
  "lockfileVersion": 3,
  "requires": true,
  "packages": {
    "": {
      "dependencies": {
        "@fontsource/cinzel": "^5.2.7"
      }
    },
    "node_modules/@fontsource/cinzel": {
      "version": "5.2.7",
      "resolved": "https://registry.npmjs.org/@fontsource/cinzel/-/cinzel-5.2.7.tgz",
      "integrity": "sha512-yQlEnPwIH4D48FSLhPUqWyvKKXZbL+hNHoyjdz7dOZKdonFfMbE1OA2gg5G3aECFzhArTcwczN4mSMAPyiTYiw==",
      "license": "OFL-1.1",
      "funding": {
        "url": "https://github.com/sponsors/ayuhito"
      }
    }
  }
}
